
Microsoft Visual Studio Solution File, Format Version 12.00
# Visual Studio Version 17
VisualStudioVersion = 17.0.31903.59
MinimumVisualStudioVersion = 10.0.40219.1
Project("{FAE04EC0-301F-11D3-BF4B-00C04F79EFBC}") = ".Net_TestAutomation_FinalTask", ".Net_TestAutomation_FinalTask\.Net_TestAutomation_FinalTask.csproj", "{F113DEE1-AE98-43FF-B32E-65BEDC567DA2}"
EndProject
Global
	GlobalSection(SolutionConfigurationPlatforms) = preSolution
		Debug|Any CPU = Debug|Any CPU
		Release|Any CPU = Release|Any CPU
	EndGlobalSection
	GlobalSection(SolutionProperties) = preSolution
		HideSolutionNode = FALSE
	EndGlobalSection
	GlobalSection(ProjectConfigurationPlatforms) = postSolution
		{F113DEE1-AE98-43FF-B32E-65BEDC567DA2}.Debug|Any CPU.ActiveCfg = Debug|Any CPU
		{F113DEE1-AE98-43FF-B32E-65BEDC567DA2}.Debug|Any CPU.Build.0 = Debug|Any CPU
		{F113DEE1-AE98-43FF-B32E-65BEDC567DA2}.Release|Any CPU.ActiveCfg = Release|Any CPU
		{F113DEE1-AE98-43FF-B32E-65BEDC567DA2}.Release|Any CPU.Build.0 = Release|Any CPU
	EndGlobalSection
EndGlobal
